{
  "name": "integrarp-web-assets",
  "version": "1.53.0",
  "lockfileVersion": 3,
  "requires": true,
  "packages": {
    "": {
      "name": "integrarp-web-assets",
      "version": "1.53.0",
      "devDependencies": {
        "bootstrap": "5.3.7",
        "bootstrap-icons": "1.13.1"
      }
    },
    "node_modules/@popperjs/core": {
      "version": "2.11.8",
      "dev": true,
      "license": "MIT",
      "peer": true
    },
    "node_modules/bootstrap": {
      "version": "5.3.7",
      "dev": true,
      "license": "MIT",
      "peerDependencies": {
        "@popperjs/core": "^2.11.8"
      }
    },
    "node_modules/bootstrap-icons": {
      "version": "1.13.1",
      "dev": true,
      "license": "MIT"
    }
  }
}
